// !$*UTF8*$!
{
	archiveVersion = 1;
	classes = {
	};
	objectVersion = 55;
	objects = {

/* Begin PBXBuildFile section */
		4024D60728FBA62B001D91A5 /* SectionTitleView.swift in Sources */ = {isa = PBXBuildFile; fileRef = 4024D60628FBA62B001D91A5 /* SectionTitleView.swift */; };
		402953CD28F0B3670053511B /* HomeProviderMock.swift in Sources */ = {isa = PBXBuildFile; fileRef = 402953CC28F0B3670053511B /* HomeProviderMock.swift */; };
		402953D028F136480053511B /* Channel.json in Resources */ = {isa = PBXBuildFile; fileRef = 402953CF28F136480053511B /* Channel.json */; };
		402953D228F136600053511B /* Playlists.json in Resources */ = {isa = PBXBuildFile; fileRef = 402953D128F136600053511B /* Playlists.json */; };
		402953D428F1367B0053511B /* PlaylistItems.json in Resources */ = {isa = PBXBuildFile; fileRef = 402953D328F1367B0053511B /* PlaylistItems.json */; };
		402953D628F136950053511B /* SearchVideos.json in Resources */ = {isa = PBXBuildFile; fileRef = 402953D528F136950053511B /* SearchVideos.json */; };
		402953D828F138980053511B /* VideoSingle.json in Resources */ = {isa = PBXBuildFile; fileRef = 402953D728F138980053511B /* VideoSingle.json */; };
		402953DA28F13D630053511B /* MockManager.swift in Sources */ = {isa = PBXBuildFile; fileRef = 402953D928F13D630053511B /* MockManager.swift */; };
		402953DE28F13FDB0053511B /* ChannelCell.swift in Sources */ = {isa = PBXBuildFile; fileRef = 402953DC28F13FDB0053511B /* ChannelCell.swift */; };
		402953DF28F13FDB0053511B /* ChannelCell.xib in Resources */ = {isa = PBXBuildFile; fileRef = 402953DD28F13FDB0053511B /* ChannelCell.xib */; };
		402953E228F13FF80053511B /* VideoCell.swift in Sources */ = {isa = PBXBuildFile; fileRef = 402953E028F13FF80053511B /* VideoCell.swift */; };
		402953E328F13FF80053511B /* VideoCell.xib in Resources */ = {isa = PBXBuildFile; fileRef = 402953E128F13FF80053511B /* VideoCell.xib */; };
		402953E628F140060053511B /* PlaylistCell.swift in Sources */ = {isa = PBXBuildFile; fileRef = 402953E428F140060053511B /* PlaylistCell.swift */; };
		402953E728F140060053511B /* PlaylistCell.xib in Resources */ = {isa = PBXBuildFile; fileRef = 402953E528F140060053511B /* PlaylistCell.xib */; };
		40974C9728E4F22B00889636 /* Utils.swift in Sources */ = {isa = PBXBuildFile; fileRef = 40974C9628E4F22B00889636 /* Utils.swift */; };
		40F4485528FDEC7A00304ADF /* BottomSheetViewController.swift in Sources */ = {isa = PBXBuildFile; fileRef = 40F4485328FDEC7A00304ADF /* BottomSheetViewController.swift */; };
		40F4485628FDEC7A00304ADF /* BottomSheetViewController.xib in Resources */ = {isa = PBXBuildFile; fileRef = 40F4485428FDEC7A00304ADF /* BottomSheetViewController.xib */; };
		40F4485928FE295000304ADF /* UIView+Extension.swift in Sources */ = {isa = PBXBuildFile; fileRef = 40F4485828FE295000304ADF /* UIView+Extension.swift */; };
		65003AEB2F856B6C2585A0F8 /* Pods_YouTubeClone.framework in Frameworks */ = {isa = PBXBuildFile; fileRef = F4675C9B280E6F2510E1FFDE /* Pods_YouTubeClone.framework */; };
		E9DCCB0E2849B6F500F462ED /* AppDelegate.swift in Sources */ = {isa = PBXBuildFile; fileRef = E9DCCB0D2849B6F500F462ED /* AppDelegate.swift */; };
		E9DCCB102849B6F500F462ED /* SceneDelegate.swift in Sources */ = {isa = PBXBuildFile; fileRef = E9DCCB0F2849B6F500F462ED /* SceneDelegate.swift */; };
		E9DCCB122849B6F500F462ED /* ViewController.swift in Sources */ = {isa = PBXBuildFile; fileRef = E9DCCB112849B6F500F462ED /* ViewController.swift */; };
		E9DCCB152849B6F500F462ED /* Main.storyboard in Resources */ = {isa = PBXBuildFile; fileRef = E9DCCB132849B6F500F462ED /* Main.storyboard */; };
		E9DCCB172849B6F700F462ED /* Assets.xcassets in Resources */ = {isa = PBXBuildFile; fileRef = E9DCCB162849B6F700F462ED /* Assets.xcassets */; };
		E9DCCB1A2849B6F700F462ED /* LaunchScreen.storyboard in Resources */ = {isa = PBXBuildFile; fileRef = E9DCCB182849B6F700F462ED /* LaunchScreen.storyboard */; };
		E9DCCB232851725B00F462ED /* PlaylistModel.swift in Sources */ = {isa = PBXBuildFile; fileRef = E9DCCB222851725B00F462ED /* PlaylistModel.swift */; };
		E9DCCB2728517D0900F462ED /* VideoModel.swift in Sources */ = {isa = PBXBuildFile; fileRef = E9DCCB2628517D0900F462ED /* VideoModel.swift */; };
		E9DCCB2A2851835200F462ED /* RootPageViewController.swift in Sources */ = {isa = PBXBuildFile; fileRef = E9DCCB292851835200F462ED /* RootPageViewController.swift */; };
		E9DCCB2C2851836D00F462ED /* MainViewController.swift in Sources */ = {isa = PBXBuildFile; fileRef = E9DCCB2B2851836D00F462ED /* MainViewController.swift */; };
		E9DCCB352851856400F462ED /* HomeViewController.swift in Sources */ = {isa = PBXBuildFile; fileRef = E9DCCB332851856400F462ED /* HomeViewController.swift */; };
		E9DCCB362851856400F462ED /* HomeViewController.xib in Resources */ = {isa = PBXBuildFile; fileRef = E9DCCB342851856400F462ED /* HomeViewController.xib */; };
		E9DCCB392851858100F462ED /* VideosViewController.swift in Sources */ = {isa = PBXBuildFile; fileRef = E9DCCB372851858100F462ED /* VideosViewController.swift */; };
		E9DCCB3A2851858100F462ED /* VideosViewController.xib in Resources */ = {isa = PBXBuildFile; fileRef = E9DCCB382851858100F462ED /* VideosViewController.xib */; };
		E9DCCB3D2851858E00F462ED /* PlaylistsViewController.swift in Sources */ = {isa = PBXBuildFile; fileRef = E9DCCB3B2851858E00F462ED /* PlaylistsViewController.swift */; };
		E9DCCB3E2851858E00F462ED /* PlaylistsViewController.xib in Resources */ = {isa = PBXBuildFile; fileRef = E9DCCB3C2851858E00F462ED /* PlaylistsViewController.xib */; };
		E9DCCB412851859A00F462ED /* ChannelsViewController.swift in Sources */ = {isa = PBXBuildFile; fileRef = E9DCCB3F2851859A00F462ED /* ChannelsViewController.swift */; };
		E9DCCB422851859A00F462ED /* ChannelsViewController.xib in Resources */ = {isa = PBXBuildFile; fileRef = E9DCCB402851859A00F462ED /* ChannelsViewController.xib */; };
		E9DCCB45285185AA00F462ED /* AboutViewController.swift in Sources */ = {isa = PBXBuildFile; fileRef = E9DCCB43285185AA00F462ED /* AboutViewController.swift */; };
		E9DCCB46285185AA00F462ED /* AboutViewController.xib in Resources */ = {isa = PBXBuildFile; fileRef = E9DCCB44285185AA00F462ED /* AboutViewController.xib */; };
		E9DCCB4A2851985800F462ED /* ServiceLayer.swift in Sources */ = {isa = PBXBuildFile; fileRef = E9DCCB492851985800F462ED /* ServiceLayer.swift */; };
		E9DCCB4C2851987100F462ED /* NetworkError.swift in Sources */ = {isa = PBXBuildFile; fileRef = E9DCCB4B2851987100F462ED /* NetworkError.swift */; };
		E9DCCB4E2851989800F462ED /* RequestModel.swift in Sources */ = {isa = PBXBuildFile; fileRef = E9DCCB4D2851989800F462ED /* RequestModel.swift */; };
		E9DCCB51285199D700F462ED /* Constants.swift in Sources */ = {isa = PBXBuildFile; fileRef = E9DCCB50285199D700F462ED /* Constants.swift */; };
		E9DCCB572851B02400F462ED /* HomeProvider.swift in Sources */ = {isa = PBXBuildFile; fileRef = E9DCCB562851B02400F462ED /* HomeProvider.swift */; };
		E9DCCB592851B7C800F462ED /* HomePresenter.swift in Sources */ = {isa = PBXBuildFile; fileRef = E9DCCB582851B7C800F462ED /* HomePresenter.swift */; };
		E9DCCB5B2854189300F462ED /* SearchModel.swift in Sources */ = {isa = PBXBuildFile; fileRef = E9DCCB5A2854189300F462ED /* SearchModel.swift */; };
		E9DCCB5D2854234300F462ED /* ChannelModel.swift in Sources */ = {isa = PBXBuildFile; fileRef = E9DCCB5C2854234300F462ED /* ChannelModel.swift */; };
		E9DCCB5F285429CA00F462ED /* PlaylistItemModel.swift in Sources */ = {isa = PBXBuildFile; fileRef = E9DCCB5E285429CA00F462ED /* PlaylistItemModel.swift */; };
/* End PBXBuildFile section */

/* Begin PBXFileReference section */
		0CD3364CC58D3FF5757A124F /* Pods-YouTubeClone.debug.xcconfig */ = {isa = PBXFileReference; includeInIndex = 1; lastKnownFileType = text.xcconfig; name = "Pods-YouTubeClone.debug.xcconfig"; path = "Target Support Files/Pods-YouTubeClone/Pods-YouTubeClone.debug.xcconfig"; sourceTree = "<group>"; };
		4024D60628FBA62B001D91A5 /* SectionTitleView.swift */ = {isa = PBXFileReference; lastKnownFileType = sourcecode.swift; path = SectionTitleView.swift; sourceTree = "<group>"; };
		402953CC28F0B3670053511B /* HomeProviderMock.swift */ = {isa = PBXFileReference; lastKnownFileType = sourcecode.swift; path = HomeProviderMock.swift; sourceTree = "<group>"; };
		402953CF28F136480053511B /* Channel.json */ = {isa = PBXFileReference; lastKnownFileType = text.json; path = Channel.json; sourceTree = "<group>"; };
		402953D128F136600053511B /* Playlists.json */ = {isa = PBXFileReference; lastKnownFileType = text.json; path = Playlists.json; sourceTree = "<group>"; };
		402953D328F1367B0053511B /* PlaylistItems.json */ = {isa = PBXFileReference; lastKnownFileType = text.json; path = PlaylistItems.json; sourceTree = "<group>"; };
		402953D528F136950053511B /* SearchVideos.json */ = {isa = PBXFileReference; lastKnownFileType = text.json; path = SearchVideos.json; sourceTree = "<group>"; };
		402953D728F138980053511B /* VideoSingle.json */ = {isa = PBXFileReference; lastKnownFileType = text.json; path = VideoSingle.json; sourceTree = "<group>"; };
		402953D928F13D630053511B /* MockManager.swift */ = {isa = PBXFileReference; lastKnownFileType = sourcecode.swift; path = MockManager.swift; sourceTree = "<group>"; };
		402953DC28F13FDB0053511B /* ChannelCell.swift */ = {isa = PBXFileReference; lastKnownFileType = sourcecode.swift; path = ChannelCell.swift; sourceTree = "<group>"; };
		402953DD28F13FDB0053511B /* ChannelCell.xib */ = {isa = PBXFileReference; lastKnownFileType = file.xib; path = ChannelCell.xib; sourceTree = "<group>"; };
		402953E028F13FF80053511B /* VideoCell.swift */ = {isa = PBXFileReference; lastKnownFileType = sourcecode.swift; path = VideoCell.swift; sourceTree = "<group>"; };
		402953E128F13FF80053511B /* VideoCell.xib */ = {isa = PBXFileReference; lastKnownFileType = file.xib; path = VideoCell.xib; sourceTree = "<group>"; };
		402953E428F140060053511B /* PlaylistCell.swift */ = {isa = PBXFileReference; lastKnownFileType = sourcecode.swift; path = PlaylistCell.swift; sourceTree = "<group>"; };
		402953E528F140060053511B /* PlaylistCell.xib */ = {isa = PBXFileReference; lastKnownFileType = file.xib; path = PlaylistCell.xib; sourceTree = "<group>"; };
		40974C9628E4F22B00889636 /* Utils.swift */ = {isa = PBXFileReference; lastKnownFileType = sourcecode.swift; path = Utils.swift; sourceTree = "<group>"; };
		40F4485328FDEC7A00304ADF /* BottomSheetViewController.swift */ = {isa = PBXFileReference; lastKnownFileType = sourcecode.swift; path = BottomSheetViewController.swift; sourceTree = "<group>"; };
		40F4485428FDEC7A00304ADF /* BottomSheetViewController.xib */ = {isa = PBXFileReference; lastKnownFileType = file.xib; path = BottomSheetViewController.xib; sourceTree = "<group>"; };
		40F4485828FE295000304ADF /* UIView+Extension.swift */ = {isa = PBXFileReference; lastKnownFileType = sourcecode.swift; path = "UIView+Extension.swift"; sourceTree = "<group>"; };
		E7961008A8F8E42270AD0730 /* Pods-YouTubeClone.release.xcconfig */ = {isa = PBXFileReference; includeInIndex = 1; lastKnownFileType = text.xcconfig; name = "Pods-YouTubeClone.release.xcconfig"; path = "Target Support Files/Pods-YouTubeClone/Pods-YouTubeClone.release.xcconfig"; sourceTree = "<group>"; };
		E9DCCB0A2849B6F500F462ED /* YouTubeClone.app */ = {isa = PBXFileReference; explicitFileType = wrapper.application; includeInIndex = 0; path = YouTubeClone.app; sourceTree = BUILT_PRODUCTS_DIR; };
		E9DCCB0D2849B6F500F462ED /* AppDelegate.swift */ = {isa = PBXFileReference; lastKnownFileType = sourcecode.swift; path = AppDelegate.swift; sourceTree = "<group>"; };
		E9DCCB0F2849B6F500F462ED /* SceneDelegate.swift */ = {isa = PBXFileReference; lastKnownFileType = sourcecode.swift; path = SceneDelegate.swift; sourceTree = "<group>"; };
		E9DCCB112849B6F500F462ED /* ViewController.swift */ = {isa = PBXFileReference; lastKnownFileType = sourcecode.swift; path = ViewController.swift; sourceTree = "<group>"; };
		E9DCCB142849B6F500F462ED /* Base */ = {isa = PBXFileReference; lastKnownFileType = file.storyboard; name = Base; path = Base.lproj/Main.storyboard; sourceTree = "<group>"; };
		E9DCCB162849B6F700F462ED /* Assets.xcassets */ = {isa = PBXFileReference; lastKnownFileType = folder.assetcatalog; path = Assets.xcassets; sourceTree = "<group>"; };
		E9DCCB192849B6F700F462ED /* Base */ = {isa = PBXFileReference; lastKnownFileType = file.storyboard; name = Base; path = Base.lproj/LaunchScreen.storyboard; sourceTree = "<group>"; };
		E9DCCB1B2849B6F700F462ED /* Info.plist */ = {isa = PBXFileReference; lastKnownFileType = text.plist.xml; path = Info.plist; sourceTree = "<group>"; };
		E9DCCB222851725B00F462ED /* PlaylistModel.swift */ = {isa = PBXFileReference; lastKnownFileType = sourcecode.swift; path = PlaylistModel.swift; sourceTree = "<group>"; };
		E9DCCB2628517D0900F462ED /* VideoModel.swift */ = {isa = PBXFileReference; lastKnownFileType = sourcecode.swift; path = VideoModel.swift; sourceTree = "<group>"; };
		E9DCCB292851835200F462ED /* RootPageViewController.swift */ = {isa = PBXFileReference; lastKnownFileType = sourcecode.swift; path = RootPageViewController.swift; sourceTree = "<group>"; };
		E9DCCB2B2851836D00F462ED /* MainViewController.swift */ = {isa = PBXFileReference; lastKnownFileType = sourcecode.swift; path = MainViewController.swift; sourceTree = "<group>"; };
		E9DCCB332851856400F462ED /* HomeViewController.swift */ = {isa = PBXFileReference; lastKnownFileType = sourcecode.swift; path = HomeViewController.swift; sourceTree = "<group>"; };
		E9DCCB342851856400F462ED /* HomeViewController.xib */ = {isa = PBXFileReference; lastKnownFileType = file.xib; path = HomeViewController.xib; sourceTree = "<group>"; };
		E9DCCB372851858100F462ED /* VideosViewController.swift */ = {isa = PBXFileReference; lastKnownFileType = sourcecode.swift; path = VideosViewController.swift; sourceTree = "<group>"; };
		E9DCCB382851858100F462ED /* VideosViewController.xib */ = {isa = PBXFileReference; lastKnownFileType = file.xib; path = VideosViewController.xib; sourceTree = "<group>"; };
		E9DCCB3B2851858E00F462ED /* PlaylistsViewController.swift */ = {isa = PBXFileReference; lastKnownFileType = sourcecode.swift; path = PlaylistsViewController.swift; sourceTree = "<group>"; };
		E9DCCB3C2851858E00F462ED /* PlaylistsViewController.xib */ = {isa = PBXFileReference; lastKnownFileType = file.xib; path = PlaylistsViewController.xib; sourceTree = "<group>"; };
		E9DCCB3F2851859A00F462ED /* ChannelsViewController.swift */ = {isa = PBXFileReference; lastKnownFileType = sourcecode.swift; path = ChannelsViewController.swift; sourceTree = "<group>"; };
		E9DCCB402851859A00F462ED /* ChannelsViewController.xib */ = {isa = PBXFileReference; lastKnownFileType = file.xib; path = ChannelsViewController.xib; sourceTree = "<group>"; };
		E9DCCB43285185AA00F462ED /* AboutViewController.swift */ = {isa = PBXFileReference; lastKnownFileType = sourcecode.swift; path = AboutViewController.swift; sourceTree = "<group>"; };
		E9DCCB44285185AA00F462ED /* AboutViewController.xib */ = {isa = PBXFileReference; lastKnownFileType = file.xib; path = AboutViewController.xib; sourceTree = "<group>"; };
		E9DCCB492851985800F462ED /* ServiceLayer.swift */ = {isa = PBXFileReference; lastKnownFileType = sourcecode.swift; path = ServiceLayer.swift; sourceTree = "<group>"; };
		E9DCCB4B2851987100F462ED /* NetworkError.swift */ = {isa = PBXFileReference; lastKnownFileType = sourcecode.swift; path = NetworkError.swift; sourceTree = "<group>"; };
		E9DCCB4D2851989800F462ED /* RequestModel.swift */ = {isa = PBXFileReference; lastKnownFileType = sourcecode.swift; path = RequestModel.swift; sourceTree = "<group>"; };
		E9DCCB50285199D700F462ED /* Constants.swift */ = {isa = PBXFileReference; lastKnownFileType = sourcecode.swift; path = Constants.swift; sourceTree = "<group>"; };
		E9DCCB562851B02400F462ED /* HomeProvider.swift */ = {isa = PBXFileReference; lastKnownFileType = sourcecode.swift; path = HomeProvider.swift; sourceTree = "<group>"; };
		E9DCCB582851B7C800F462ED /* HomePresenter.swift */ = {isa = PBXFileReference; lastKnownFileType = sourcecode.swift; path = HomePresenter.swift; sourceTree = "<group>"; };
		E9DCCB5A2854189300F462ED /* SearchModel.swift */ = {isa = PBXFileReference; lastKnownFileType = sourcecode.swift; path = SearchModel.swift; sourceTree = "<group>"; };
		E9DCCB5C2854234300F462ED /* ChannelModel.swift */ = {isa = PBXFileReference; lastKnownFileType = sourcecode.swift; path = ChannelModel.swift; sourceTree = "<group>"; };
		E9DCCB5E285429CA00F462ED /* PlaylistItemModel.swift */ = {isa = PBXFileReference; lastKnownFileType = sourcecode.swift; path = PlaylistItemModel.swift; sourceTree = "<group>"; };
		F4675C9B280E6F2510E1FFDE /* Pods_YouTubeClone.framework */ = {isa = PBXFileReference; explicitFileType = wrapper.framework; includeInIndex = 0; path = Pods_YouTubeClone.framework; sourceTree = BUILT_PRODUCTS_DIR; };
/* End PBXFileReference section */

/* Begin PBXFrameworksBuildPhase section */
		E9DCCB072849B6F500F462ED /* Frameworks */ = {
			isa = PBXFrameworksBuildPhase;
			buildActionMask = 2147483647;
			files = (
				65003AEB2F856B6C2585A0F8 /* Pods_YouTubeClone.framework in Frameworks */,
			);
			runOnlyForDeploymentPostprocessing = 0;
		};
/* End PBXFrameworksBuildPhase section */

/* Begin PBXGroup section */
		402953CE28F0B3B10053511B /* Mock */ = {
			isa = PBXGroup;
			children = (
				402953CF28F136480053511B /* Channel.json */,
				402953D128F136600053511B /* Playlists.json */,
				402953D328F1367B0053511B /* PlaylistItems.json */,
				402953D528F136950053511B /* SearchVideos.json */,
				402953D728F138980053511B /* VideoSingle.json */,
			);
			path = Mock;
			sourceTree = "<group>";
		};
		402953DB28F13FA60053511B /* CustomCells */ = {
			isa = PBXGroup;
			children = (
				402953DC28F13FDB0053511B /* ChannelCell.swift */,
				402953DD28F13FDB0053511B /* ChannelCell.xib */,
				402953E028F13FF80053511B /* VideoCell.swift */,
				402953E128F13FF80053511B /* VideoCell.xib */,
				402953E428F140060053511B /* PlaylistCell.swift */,
				402953E528F140060053511B /* PlaylistCell.xib */,
				4024D60628FBA62B001D91A5 /* SectionTitleView.swift */,
			);
			path = CustomCells;
			sourceTree = "<group>";
		};
		40F4485228FDEC3B00304ADF /* BottomSheet */ = {
			isa = PBXGroup;
			children = (
				40F4485328FDEC7A00304ADF /* BottomSheetViewController.swift */,
				40F4485428FDEC7A00304ADF /* BottomSheetViewController.xib */,
			);
			path = BottomSheet;
			sourceTree = "<group>";
		};
		40F4485728FE293D00304ADF /* Extension */ = {
			isa = PBXGroup;
			children = (
				40F4485828FE295000304ADF /* UIView+Extension.swift */,
			);
			path = Extension;
			sourceTree = "<group>";
		};
		5D6785435836AC4D717267FF /* Frameworks */ = {
			isa = PBXGroup;
			children = (
				F4675C9B280E6F2510E1FFDE /* Pods_YouTubeClone.framework */,
			);
			name = Frameworks;
			sourceTree = "<group>";
		};
		B1D097534E06352B4917CD5A /* Pods */ = {
			isa = PBXGroup;
			children = (
				0CD3364CC58D3FF5757A124F /* Pods-YouTubeClone.debug.xcconfig */,
				E7961008A8F8E42270AD0730 /* Pods-YouTubeClone.release.xcconfig */,
			);
			path = Pods;
			sourceTree = "<group>";
		};
		E9DCCB012849B6F500F462ED = {
			isa = PBXGroup;
			children = (
				E9DCCB0C2849B6F500F462ED /* YouTubeClone */,
				E9DCCB0B2849B6F500F462ED /* Products */,
				B1D097534E06352B4917CD5A /* Pods */,
				5D6785435836AC4D717267FF /* Frameworks */,
			);
			sourceTree = "<group>";
		};
		E9DCCB0B2849B6F500F462ED /* Products */ = {
			isa = PBXGroup;
			children = (
				E9DCCB0A2849B6F500F462ED /* YouTubeClone.app */,
			);
			name = Products;
			sourceTree = "<group>";
		};
		E9DCCB0C2849B6F500F462ED /* YouTubeClone */ = {
			isa = PBXGroup;
			children = (
				E9DCCB4F285199CB00F462ED /* Utils */,
				E9DCCB482851984400F462ED /* ServiceLayer */,
				E9DCCB322851853E00F462ED /* About */,
				E9DCCB312851853400F462ED /* Channels */,
				E9DCCB302851852D00F462ED /* Playlists */,
				E9DCCB2E2851851600F462ED /* Videos */,
				E9DCCB2D2851850200F462ED /* Home */,
				E9DCCB282851833100F462ED /* Main */,
				E9DCCB212851722F00F462ED /* Model */,
				E9DCCB0D2849B6F500F462ED /* AppDelegate.swift */,
				E9DCCB0F2849B6F500F462ED /* SceneDelegate.swift */,
				E9DCCB112849B6F500F462ED /* ViewController.swift */,
				E9DCCB132849B6F500F462ED /* Main.storyboard */,
				E9DCCB162849B6F700F462ED /* Assets.xcassets */,
				E9DCCB182849B6F700F462ED /* LaunchScreen.storyboard */,
				E9DCCB1B2849B6F700F462ED /* Info.plist */,
			);
			path = YouTubeClone;
			sourceTree = "<group>";
		};
		E9DCCB212851722F00F462ED /* Model */ = {
			isa = PBXGroup;
			children = (
				E9DCCB222851725B00F462ED /* PlaylistModel.swift */,
				E9DCCB2628517D0900F462ED /* VideoModel.swift */,
				E9DCCB5A2854189300F462ED /* SearchModel.swift */,
				E9DCCB5C2854234300F462ED /* ChannelModel.swift */,
				E9DCCB5E285429CA00F462ED /* PlaylistItemModel.swift */,
			);
			path = Model;
			sourceTree = "<group>";
		};
		E9DCCB282851833100F462ED /* Main */ = {
			isa = PBXGroup;
			children = (
				E9DCCB292851835200F462ED /* RootPageViewController.swift */,
				E9DCCB2B2851836D00F462ED /* MainViewController.swift */,
			);
			path = Main;
			sourceTree = "<group>";
		};
		E9DCCB2D2851850200F462ED /* Home */ = {
			isa = PBXGroup;
			children = (
				E9DCCB542851AFD800F462ED /* Presenter */,
				E9DCCB532851AFD200F462ED /* View */,
				E9DCCB522851AFC700F462ED /* Model */,
			);
			path = Home;
			sourceTree = "<group>";
		};
		E9DCCB2E2851851600F462ED /* Videos */ = {
			isa = PBXGroup;
			children = (
				E9DCCB372851858100F462ED /* VideosViewController.swift */,
				E9DCCB382851858100F462ED /* VideosViewController.xib */,
			);
			path = Videos;
			sourceTree = "<group>";
		};
		E9DCCB302851852D00F462ED /* Playlists */ = {
			isa = PBXGroup;
			children = (
				E9DCCB3B2851858E00F462ED /* PlaylistsViewController.swift */,
				E9DCCB3C2851858E00F462ED /* PlaylistsViewController.xib */,
			);
			path = Playlists;
			sourceTree = "<group>";
		};
		E9DCCB312851853400F462ED /* Channels */ = {
			isa = PBXGroup;
			children = (
				E9DCCB3F2851859A00F462ED /* ChannelsViewController.swift */,
				E9DCCB402851859A00F462ED /* ChannelsViewController.xib */,
			);
			path = Channels;
			sourceTree = "<group>";
		};
		E9DCCB322851853E00F462ED /* About */ = {
			isa = PBXGroup;
			children = (
				E9DCCB43285185AA00F462ED /* AboutViewController.swift */,
				E9DCCB44285185AA00F462ED /* AboutViewController.xib */,
			);
			path = About;
			sourceTree = "<group>";
		};
		E9DCCB482851984400F462ED /* ServiceLayer */ = {
			isa = PBXGroup;
			children = (
				E9DCCB492851985800F462ED /* ServiceLayer.swift */,
				E9DCCB4B2851987100F462ED /* NetworkError.swift */,
				E9DCCB4D2851989800F462ED /* RequestModel.swift */,
			);
			path = ServiceLayer;
			sourceTree = "<group>";
		};
		E9DCCB4F285199CB00F462ED /* Utils */ = {
			isa = PBXGroup;
			children = (
				40F4485728FE293D00304ADF /* Extension */,
				402953CE28F0B3B10053511B /* Mock */,
				E9DCCB50285199D700F462ED /* Constants.swift */,
				40974C9628E4F22B00889636 /* Utils.swift */,
				402953D928F13D630053511B /* MockManager.swift */,
			);
			path = Utils;
			sourceTree = "<group>";
		};
		E9DCCB522851AFC700F462ED /* Model */ = {
			isa = PBXGroup;
			children = (
				E9DCCB552851B01700F462ED /* Provider */,
			);
			path = Model;
			sourceTree = "<group>";
		};
		E9DCCB532851AFD200F462ED /* View */ = {
			isa = PBXGroup;
			children = (
				40F4485228FDEC3B00304ADF /* BottomSheet */,
				402953DB28F13FA60053511B /* CustomCells */,
				E9DCCB332851856400F462ED /* HomeViewController.swift */,
				E9DCCB342851856400F462ED /* HomeViewController.xib */,
			);
			path = View;
			sourceTree = "<group>";
		};
		E9DCCB542851AFD800F462ED /* Presenter */ = {
			isa = PBXGroup;
			children = (
				E9DCCB582851B7C800F462ED /* HomePresenter.swift */,
			);
			path = Presenter;
			sourceTree = "<group>";
		};
		E9DCCB552851B01700F462ED /* Provider */ = {
			isa = PBXGroup;
			children = (
				E9DCCB562851B02400F462ED /* HomeProvider.swift */,
				402953CC28F0B3670053511B /* HomeProviderMock.swift */,
			);
			path = Provider;
			sourceTree = "<group>";
		};
/* End PBXGroup section */

/* Begin PBXNativeTarget section */
		E9DCCB092849B6F500F462ED /* YouTubeClone */ = {
			isa = PBXNativeTarget;
			buildConfigurationList = E9DCCB1E2849B6F700F462ED /* Build configuration list for PBXNativeTarget "YouTubeClone" */;
			buildPhases = (
				8656E6BF97213A957859673C /* [CP] Check Pods Manifest.lock */,
				E9DCCB062849B6F500F462ED /* Sources */,
				E9DCCB072849B6F500F462ED /* Frameworks */,
				E9DCCB082849B6F500F462ED /* Resources */,
				7455079B7956BF5D53B319E7 /* [CP] Embed Pods Frameworks */,
			);
			buildRules = (
			);
			dependencies = (
			);
			name = YouTubeClone;
			productName = YouTubeClone;
			productReference = E9DCCB0A2849B6F500F462ED /* YouTubeClone.app */;
			productType = "com.apple.product-type.application";
		};
/* End PBXNativeTarget section */

/* Begin PBXProject section */
		E9DCCB022849B6F500F462ED /* Project object */ = {
			isa = PBXProject;
			attributes = {
				BuildIndependentTargetsInParallel = 1;
				LastSwiftUpdateCheck = 1340;
				LastUpgradeCheck = 1340;
				TargetAttributes = {
					E9DCCB092849B6F500F462ED = {
						CreatedOnToolsVersion = 13.4;
					};
				};
			};
			buildConfigurationList = E9DCCB052849B6F500F462ED /* Build configuration list for PBXProject "YouTubeClone" */;
			compatibilityVersion = "Xcode 13.0";
			developmentRegion = en;
			hasScannedForEncodings = 0;
			knownRegions = (
				en,
				Base,
			);
			mainGroup = E9DCCB012849B6F500F462ED;
			productRefGroup = E9DCCB0B2849B6F500F462ED /* Products */;
			projectDirPath = "";
			projectRoot = "";
			targets = (
				E9DCCB092849B6F500F462ED /* YouTubeClone */,
			);
		};
/* End PBXProject section */

/* Begin PBXResourcesBuildPhase section */
		E9DCCB082849B6F500F462ED /* Resources */ = {
			isa = PBXResourcesBuildPhase;
			buildActionMask = 2147483647;
			files = (
				402953E328F13FF80053511B /* VideoCell.xib in Resources */,
				E9DCCB3E2851858E00F462ED /* PlaylistsViewController.xib in Resources */,
				402953D628F136950053511B /* SearchVideos.json in Resources */,
				402953E728F140060053511B /* PlaylistCell.xib in Resources */,
				402953D028F136480053511B /* Channel.json in Resources */,
				E9DCCB1A2849B6F700F462ED /* LaunchScreen.storyboard in Resources */,
				402953D428F1367B0053511B /* PlaylistItems.json in Resources */,
				E9DCCB46285185AA00F462ED /* AboutViewController.xib in Resources */,
				402953D828F138980053511B /* VideoSingle.json in Resources */,
				E9DCCB172849B6F700F462ED /* Assets.xcassets in Resources */,
				40F4485628FDEC7A00304ADF /* BottomSheetViewController.xib in Resources */,
				E9DCCB3A2851858100F462ED /* VideosViewController.xib in Resources */,
				402953DF28F13FDB0053511B /* ChannelCell.xib in Resources */,
				E9DCCB152849B6F500F462ED /* Main.storyboard in Resources */,
				E9DCCB362851856400F462ED /* HomeViewController.xib in Resources */,
				E9DCCB422851859A00F462ED /* ChannelsViewController.xib in Resources */,
				402953D228F136600053511B /* Playlists.json in Resources */,
			);
			runOnlyForDeploymentPostprocessing = 0;
		};
/* End PBXResourcesBuildPhase section */

/* Begin PBXShellScriptBuildPhase section */
		7455079B7956BF5D53B319E7 /* [CP] Embed Pods Frameworks */ = {
			isa = PBXShellScriptBuildPhase;
			buildActionMask = 2147483647;
			files = (
			);
			inputFileListPaths = (
				"${PODS_ROOT}/Target Support Files/Pods-YouTubeClone/Pods-YouTubeClone-frameworks-${CONFIGURATION}-input-files.xcfilelist",
			);
			name = "[CP] Embed Pods Frameworks";
			outputFileListPaths = (
				"${PODS_ROOT}/Target Support Files/Pods-YouTubeClone/Pods-YouTubeClone-frameworks-${CONFIGURATION}-output-files.xcfilelist",
			);
			runOnlyForDeploymentPostprocessing = 0;
			shellPath = /bin/sh;
			shellScript = "\"${PODS_ROOT}/Target Support Files/Pods-YouTubeClone/Pods-YouTubeClone-frameworks.sh\"\n";
			showEnvVarsInLog = 0;
		};
		8656E6BF97213A957859673C /* [CP] Check Pods Manifest.lock */ = {
			isa = PBXShellScriptBuildPhase;
			buildActionMask = 2147483647;
			files = (
			);
			inputFileListPaths = (
			);
			inputPaths = (
				"${PODS_PODFILE_DIR_PATH}/Podfile.lock",
				"${PODS_ROOT}/Manifest.lock",
			);
			name = "[CP] Check Pods Manifest.lock";
			outputFileListPaths = (
			);
			outputPaths = (
				"$(DERIVED_FILE_DIR)/Pods-YouTubeClone-checkManifestLockResult.txt",
			);
			runOnlyForDeploymentPostprocessing = 0;
			shellPath = /bin/sh;
			shellScript = "diff \"${PODS_PODFILE_DIR_PATH}/Podfile.lock\" \"${PODS_ROOT}/Manifest.lock\" > /dev/null\nif [ $? != 0 ] ; then\n    # print error to STDERR\n    echo \"error: The sandbox is not in sync with the Podfile.lock. Run 'pod install' or update your CocoaPods installation.\" >&2\n    exit 1\nfi\n# This output is used by Xcode 'outputs' to avoid re-running this script phase.\necho \"SUCCESS\" > \"${SCRIPT_OUTPUT_FILE_0}\"\n";
			showEnvVarsInLog = 0;
		};
/* End PBXShellScriptBuildPhase section */

/* Begin PBXSourcesBuildPhase section */
		E9DCCB062849B6F500F462ED /* Sources */ = {
			isa = PBXSourcesBuildPhase;
			buildActionMask = 2147483647;
			files = (
				E9DCCB3D2851858E00F462ED /* PlaylistsViewController.swift in Sources */,
				E9DCCB4C2851987100F462ED /* NetworkError.swift in Sources */,
				E9DCCB392851858100F462ED /* VideosViewController.swift in Sources */,
				E9DCCB2C2851836D00F462ED /* MainViewController.swift in Sources */,
				E9DCCB122849B6F500F462ED /* ViewController.swift in Sources */,
				E9DCCB4E2851989800F462ED /* RequestModel.swift in Sources */,
				E9DCCB232851725B00F462ED /* PlaylistModel.swift in Sources */,
				402953E228F13FF80053511B /* VideoCell.swift in Sources */,
				40974C9728E4F22B00889636 /* Utils.swift in Sources */,
				E9DCCB5D2854234300F462ED /* ChannelModel.swift in Sources */,
				40F4485528FDEC7A00304ADF /* BottomSheetViewController.swift in Sources */,
				402953DA28F13D630053511B /* MockManager.swift in Sources */,
				E9DCCB51285199D700F462ED /* Constants.swift in Sources */,
				E9DCCB412851859A00F462ED /* ChannelsViewController.swift in Sources */,
				E9DCCB45285185AA00F462ED /* AboutViewController.swift in Sources */,
				E9DCCB352851856400F462ED /* HomeViewController.swift in Sources */,
				E9DCCB0E2849B6F500F462ED /* AppDelegate.swift in Sources */,
				E9DCCB4A2851985800F462ED /* ServiceLayer.swift in Sources */,
				40F4485928FE295000304ADF /* UIView+Extension.swift in Sources */,
				E9DCCB2A2851835200F462ED /* RootPageViewController.swift in Sources */,
				E9DCCB572851B02400F462ED /* HomeProvider.swift in Sources */,
				E9DCCB592851B7C800F462ED /* HomePresenter.swift in Sources */,
				402953E628F140060053511B /* PlaylistCell.swift in Sources */,
				402953DE28F13FDB0053511B /* ChannelCell.swift in Sources */,
				E9DCCB5B2854189300F462ED /* SearchModel.swift in Sources */,
				E9DCCB2728517D0900F462ED /* VideoModel.swift in Sources */,
				E9DCCB102849B6F500F462ED /* SceneDelegate.swift in Sources */,
				402953CD28F0B3670053511B /* HomeProviderMock.swift in Sources */,
				E9DCCB5F285429CA00F462ED /* PlaylistItemModel.swift in Sources */,
				4024D60728FBA62B001D91A5 /* SectionTitleView.swift in Sources */,
			);
			runOnlyForDeploymentPostprocessing = 0;
		};
/* End PBXSourcesBuildPhase section */

/* Begin PBXVariantGroup section */
		E9DCCB132849B6F500F462ED /* Main.storyboard */ = {
			isa = PBXVariantGroup;
			children = (
				E9DCCB142849B6F500F462ED /* Base */,
			);
			name = Main.storyboard;
			sourceTree = "<group>";
		};
		E9DCCB182849B6F700F462ED /* LaunchScreen.storyboard */ = {
			isa = PBXVariantGroup;
			children = (
				E9DCCB192849B6F700F462ED /* Base */,
			);
			name = LaunchScreen.storyboard;
			sourceTree = "<group>";
		};
/* End PBXVariantGroup section */

/* Begin XCBuildConfiguration section */
		E9DCCB1C2849B6F700F462ED /* Debug */ = {
			isa = XCBuildConfiguration;
			buildSettings = {
				ALWAYS_SEARCH_USER_PATHS = NO;
				CLANG_ANALYZER_NONNULL = YES;
				CLANG_ANALYZER_NUMBER_OBJECT_CONVERSION = YES_AGGRESSIVE;
				CLANG_CXX_LANGUAGE_STANDARD = "gnu++17";
				CLANG_ENABLE_MODULES = YES;
				CLANG_ENABLE_OBJC_ARC = YES;
				CLANG_ENABLE_OBJC_WEAK = YES;
				CLANG_WARN_BLOCK_CAPTURE_AUTORELEASING = YES;
				CLANG_WARN_BOOL_CONVERSION = YES;
				CLANG_WARN_COMMA = YES;
				CLANG_WARN_CONSTANT_CONVERSION = YES;
				CLANG_WARN_DEPRECATED_OBJC_IMPLEMENTATIONS = YES;
				CLANG_WARN_DIRECT_OBJC_ISA_USAGE = YES_ERROR;
				CLANG_WARN_DOCUMENTATION_COMMENTS = YES;
				CLANG_WARN_EMPTY_BODY = YES;
				CLANG_WARN_ENUM_CONVERSION = YES;
				CLANG_WARN_INFINITE_RECURSION = YES;
				CLANG_WARN_INT_CONVERSION = YES;
				CLANG_WARN_NON_LITERAL_NULL_CONVERSION = YES;
				CLANG_WARN_OBJC_IMPLICIT_RETAIN_SELF = YES;
				CLANG_WARN_OBJC_LITERAL_CONVERSION = YES;
				CLANG_WARN_OBJC_ROOT_CLASS = YES_ERROR;
				CLANG_WARN_QUOTED_INCLUDE_IN_FRAMEWORK_HEADER = YES;
				CLANG_WARN_RANGE_LOOP_ANALYSIS = YES;
				CLANG_WARN_STRICT_PROTOTYPES = YES;
				CLANG_WARN_SUSPICIOUS_MOVE = YES;
				CLANG_WARN_UNGUARDED_AVAILABILITY = YES_AGGRESSIVE;
				CLANG_WARN_UNREACHABLE_CODE = YES;
				CLANG_WARN__DUPLICATE_METHOD_MATCH = YES;
				COPY_PHASE_STRIP = NO;
				DEBUG_INFORMATION_FORMAT = dwarf;
				ENABLE_STRICT_OBJC_MSGSEND = YES;
				ENABLE_TESTABILITY = YES;
				GCC_C_LANGUAGE_STANDARD = gnu11;
				GCC_DYNAMIC_NO_PIC = NO;
				GCC_NO_COMMON_BLOCKS = YES;
				GCC_OPTIMIZATION_LEVEL = 0;
				GCC_PREPROCESSOR_DEFINITIONS = (
					"DEBUG=1",
					"$(inherited)",
				);
				GCC_WARN_64_TO_32_BIT_CONVERSION = YES;
				GCC_WARN_ABOUT_RETURN_TYPE = YES_ERROR;
				GCC_WARN_UNDECLARED_SELECTOR = YES;
				GCC_WARN_UNINITIALIZED_AUTOS = YES_AGGRESSIVE;
				GCC_WARN_UNUSED_FUNCTION = YES;
				GCC_WARN_UNUSED_VARIABLE = YES;
				IPHONEOS_DEPLOYMENT_TARGET = 15.5;
				MTL_ENABLE_DEBUG_INFO = INCLUDE_SOURCE;
				MTL_FAST_MATH = YES;
				ONLY_ACTIVE_ARCH = YES;
				SDKROOT = iphoneos;
				SWIFT_ACTIVE_COMPILATION_CONDITIONS = DEBUG;
				SWIFT_OPTIMIZATION_LEVEL = "-Onone";
			};
			name = Debug;
		};
		E9DCCB1D2849B6F700F462ED /* Release */ = {
			isa = XCBuildConfiguration;
			buildSettings = {
				ALWAYS_SEARCH_USER_PATHS = NO;
				CLANG_ANALYZER_NONNULL = YES;
				CLANG_ANALYZER_NUMBER_OBJECT_CONVERSION = YES_AGGRESSIVE;
				CLANG_CXX_LANGUAGE_STANDARD = "gnu++17";
				CLANG_ENABLE_MODULES = YES;
				CLANG_ENABLE_OBJC_ARC = YES;
				CLANG_ENABLE_OBJC_WEAK = YES;
				CLANG_WARN_BLOCK_CAPTURE_AUTORELEASING = YES;
				CLANG_WARN_BOOL_CONVERSION = YES;
				CLANG_WARN_COMMA = YES;
				CLANG_WARN_CONSTANT_CONVERSION = YES;
				CLANG_WARN_DEPRECATED_OBJC_IMPLEMENTATIONS = YES;
				CLANG_WARN_DIRECT_OBJC_ISA_USAGE = YES_ERROR;
				CLANG_WARN_DOCUMENTATION_COMMENTS = YES;
				CLANG_WARN_EMPTY_BODY = YES;
				CLANG_WARN_ENUM_CONVERSION = YES;
				CLANG_WARN_INFINITE_RECURSION = YES;
				CLANG_WARN_INT_CONVERSION = YES;
				CLANG_WARN_NON_LITERAL_NULL_CONVERSION = YES;
				CLANG_WARN_OBJC_IMPLICIT_RETAIN_SELF = YES;
				CLANG_WARN_OBJC_LITERAL_CONVERSION = YES;
				CLANG_WARN_OBJC_ROOT_CLASS = YES_ERROR;
				CLANG_WARN_QUOTED_INCLUDE_IN_FRAMEWORK_HEADER = YES;
				CLANG_WARN_RANGE_LOOP_ANALYSIS = YES;
				CLANG_WARN_STRICT_PROTOTYPES = YES;
				CLANG_WARN_SUSPICIOUS_MOVE = YES;
				CLANG_WARN_UNGUARDED_AVAILABILITY = YES_AGGRESSIVE;
				CLANG_WARN_UNREACHABLE_CODE = YES;
				CLANG_WARN__DUPLICATE_METHOD_MATCH = YES;
				COPY_PHASE_STRIP = NO;
				DEBUG_INFORMATION_FORMAT = "dwarf-with-dsym";
				ENABLE_NS_ASSERTIONS = NO;
				ENABLE_STRICT_OBJC_MSGSEND = YES;
				GCC_C_LANGUAGE_STANDARD = gnu11;
				GCC_NO_COMMON_BLOCKS = YES;
				GCC_WARN_64_TO_32_BIT_CONVERSION = YES;
				GCC_WARN_ABOUT_RETURN_TYPE = YES_ERROR;
				GCC_WARN_UNDECLARED_SELECTOR = YES;
				GCC_WARN_UNINITIALIZED_AUTOS = YES_AGGRESSIVE;
				GCC_WARN_UNUSED_FUNCTION = YES;
				GCC_WARN_UNUSED_VARIABLE = YES;
				IPHONEOS_DEPLOYMENT_TARGET = 15.5;
				MTL_ENABLE_DEBUG_INFO = NO;
				MTL_FAST_MATH = YES;
				SDKROOT = iphoneos;
				SWIFT_COMPILATION_MODE = wholemodule;
				SWIFT_OPTIMIZATION_LEVEL = "-O";
				VALIDATE_PRODUCT = YES;
			};
			name = Release;
		};
		E9DCCB1F2849B6F700F462ED /* Debug */ = {
			isa = XCBuildConfiguration;
			baseConfigurationReference = 0CD3364CC58D3FF5757A124F /* Pods-YouTubeClone.debug.xcconfig */;
			buildSettings = {
				ASSETCATALOG_COMPILER_APPICON_NAME = AppIcon;
				ASSETCATALOG_COMPILER_GLOBAL_ACCENT_COLOR_NAME = AccentColor;
				CODE_SIGN_STYLE = Automatic;
				CURRENT_PROJECT_VERSION = 1;
				DEVELOPMENT_TEAM = VF64BLHA29;
				GENERATE_INFOPLIST_FILE = YES;
				INFOPLIST_FILE = YouTubeClone/Info.plist;
				INFOPLIST_KEY_UIApplicationSupportsIndirectInputEvents = YES;
				INFOPLIST_KEY_UILaunchStoryboardName = LaunchScreen;
				INFOPLIST_KEY_UIMainStoryboardFile = Main;
				INFOPLIST_KEY_UISupportedInterfaceOrientations_iPad = "UIInterfaceOrientationPortrait UIInterfaceOrientationPortraitUpsideDown UIInterfaceOrientationLandscapeLeft UIInterfaceOrientationLandscapeRight";
				INFOPLIST_KEY_UISupportedInterfaceOrientations_iPhone = "UIInterfaceOrientationPortrait UIInterfaceOrientationLandscapeLeft UIInterfaceOrientationLandscapeRight";
				LD_RUNPATH_SEARCH_PATHS = (
					"$(inherited)",
					"@executable_path/Frameworks",
				);
				MARKETING_VERSION = 1.0;
				PRODUCT_BUNDLE_IDENTIFIER = com.Fabian.YouTubeClone;
				PRODUCT_NAME = "$(TARGET_NAME)";
				SWIFT_EMIT_LOC_STRINGS = YES;
				SWIFT_VERSION = 5.0;
				TARGETED_DEVICE_FAMILY = "1,2";
			};
			name = Debug;
		};
		E9DCCB202849B6F700F462ED /* Release */ = {
			isa = XCBuildConfiguration;
			baseConfigurationReference = E7961008A8F8E42270AD0730 /* Pods-YouTubeClone.release.xcconfig */;
			buildSettings = {
				ASSETCATALOG_COMPILER_APPICON_NAME = AppIcon;
				ASSETCATALOG_COMPILER_GLOBAL_ACCENT_COLOR_NAME = AccentColor;
				CODE_SIGN_STYLE = Automatic;
				CURRENT_PROJECT_VERSION = 1;
				DEVELOPMENT_TEAM = VF64BLHA29;
				GENERATE_INFOPLIST_FILE = YES;
				INFOPLIST_FILE = YouTubeClone/Info.plist;
				INFOPLIST_KEY_UIApplicationSupportsIndirectInputEvents = YES;
				INFOPLIST_KEY_UILaunchStoryboardName = LaunchScreen;
				INFOPLIST_KEY_UIMainStoryboardFile = Main;
				INFOPLIST_KEY_UISupportedInterfaceOrientations_iPad = "UIInterfaceOrientationPortrait UIInterfaceOrientationPortraitUpsideDown UIInterfaceOrientationLandscapeLeft UIInterfaceOrientationLandscapeRight";
				INFOPLIST_KEY_UISupportedInterfaceOrientations_iPhone = "UIInterfaceOrientationPortrait UIInterfaceOrientationLandscapeLeft UIInterfaceOrientationLandscapeRight";
				LD_RUNPATH_SEARCH_PATHS = (
					"$(inherited)",
					"@executable_path/Frameworks",
				);
				MARKETING_VERSION = 1.0;
				PRODUCT_BUNDLE_IDENTIFIER = com.Fabian.YouTubeClone;
				PRODUCT_NAME = "$(TARGET_NAME)";
				SWIFT_EMIT_LOC_STRINGS = YES;
				SWIFT_VERSION = 5.0;
				TARGETED_DEVICE_FAMILY = "1,2";
			};
			name = Release;
		};
/* End XCBuildConfiguration section */

/* Begin XCConfigurationList section */
		E9DCCB052849B6F500F462ED /* Build configuration list for PBXProject "YouTubeClone" */ = {
			isa = XCConfigurationList;
			buildConfigurations = (
				E9DCCB1C2849B6F700F462ED /* Debug */,
				E9DCCB1D2849B6F700F462ED /* Release */,
			);
			defaultConfigurationIsVisible = 0;
			defaultConfigurationName = Release;
		};
		E9DCCB1E2849B6F700F462ED /* Build configuration list for PBXNativeTarget "YouTubeClone" */ = {
			isa = XCConfigurationList;
			buildConfigurations = (
				E9DCCB1F2849B6F700F462ED /* Debug */,
				E9DCCB202849B6F700F462ED /* Release */,
			);
			defaultConfigurationIsVisible = 0;
			defaultConfigurationName = Release;
		};
/* End XCConfigurationList section */
	};
	rootObject = E9DCCB022849B6F500F462ED /* Project object */;
}
